
Microsoft Visual Studio Solution File, Format Version 12.00
# Visual Studio Version 17
VisualStudioVersion = 17.10.35013.160
MinimumVisualStudioVersion = 10.0.40219.1
Project("{9A19103F-16F7-4668-BE54-9A1E7A4F7556}") = "CountryCodeKit", "CountryCodeKit.csproj", "{A645E1D4-062C-47B8-AAAA-1534AB3913C3}"
EndProject
Project("{FAE04EC0-301F-11D3-BF4B-00C04F79EFBC}") = "CountryCodeKit.Tests", "CountryCodeKit.Tests\CountryCodeKit.Tests.csproj", "{BAB31A3A-7E35-4D61-B33E-253D20E1BEEB}"
EndProject
Global
	GlobalSection(SolutionConfigurationPlatforms) = preSolution
		Debug|Any CPU = Debug|Any CPU
		Release|Any CPU = Release|Any CPU
	EndGlobalSection
	GlobalSection(ProjectConfigurationPlatforms) = postSolution
		{A645E1D4-062C-47B8-AAAA-1534AB3913C3}.Debug|Any CPU.ActiveCfg = Debug|Any CPU
		{A645E1D4-062C-47B8-AAAA-1534AB3913C3}.Debug|Any CPU.Build.0 = Debug|Any CPU
		{A645E1D4-062C-47B8-AAAA-1534AB3913C3}.Release|Any CPU.ActiveCfg = Release|Any CPU
		{A645E1D4-062C-47B8-AAAA-1534AB3913C3}.Release|Any CPU.Build.0 = Release|Any CPU
		{BAB31A3A-7E35-4D61-B33E-253D20E1BEEB}.Debug|Any CPU.ActiveCfg = Debug|Any CPU
		{BAB31A3A-7E35-4D61-B33E-253D20E1BEEB}.Debug|Any CPU.Build.0 = Debug|Any CPU
		{BAB31A3A-7E35-4D61-B33E-253D20E1BEEB}.Release|Any CPU.ActiveCfg = Release|Any CPU
		{BAB31A3A-7E35-4D61-B33E-253D20E1BEEB}.Release|Any CPU.Build.0 = Release|Any CPU
	EndGlobalSection
	GlobalSection(SolutionProperties) = preSolution
		HideSolutionNode = FALSE
	EndGlobalSection
	GlobalSection(ExtensibilityGlobals) = postSolution
		SolutionGuid = {CF34BB89-8140-4984-88AC-E8CC82A5071A}
	EndGlobalSection
EndGlobal
